# Generated by pub
# See http://pub.dartlang.org/doc/glossary.html#lockfile
packages:
  args:
    description: args
    source: hosted
    version: "0.5.11+1"
  browser:
    description: browser
    source: hosted
    version: "0.5.11+1"
  js:
    description: js
    source: hosted
    version: "0.0.22"
  logging:
    description: logging
    source: hosted
    version: "0.5.11+1"
  meta:
    description: meta
    source: hosted
    version: "0.5.11+1"
  postgresql:
    description: postgresql
    source: hosted
    version: "0.2.6"
  rikulo_commons:
    description: rikulo_commons
    source: hosted
    version: "0.7.5+1"
  stream:
    description: stream
    source: hosted
    version: "0.7.3+3"
  unittest:
    description: unittest
    source: hosted
    version: "0.5.11+1"
